
Microsoft Visual Studio Solution File, Format Version 12.00
# Visual Studio Version 17
VisualStudioVersion = 17.5.002.0
MinimumVisualStudioVersion = 10.0.40219.1
Project("{2150E333-8FDC-42A3-9474-1A3956D46DE8}") = "src", "src", "{3625BAE8-B108-4F70-A07A-8669DE2A764B}"
EndProject
Project("{9A19103F-16F7-4668-BE54-9A1E7A4F7556}") = "OSLoaderModTemplate", "src\OSLoaderModTemplate\OSLoaderModTemplate.csproj", "{AAF9FD03-2662-4059-B298-ADD483E6AD73}"
EndProject
Global
	GlobalSection(SolutionConfigurationPlatforms) = preSolution
		Debug|Any CPU = Debug|Any CPU
		Release|Any CPU = Release|Any CPU
	EndGlobalSection
	GlobalSection(ProjectConfigurationPlatforms) = postSolution
		{AAF9FD03-2662-4059-B298-ADD483E6AD73}.Debug|Any CPU.ActiveCfg = Debug|Any CPU
		{AAF9FD03-2662-4059-B298-ADD483E6AD73}.Debug|Any CPU.Build.0 = Debug|Any CPU
		{AAF9FD03-2662-4059-B298-ADD483E6AD73}.Release|Any CPU.ActiveCfg = Release|Any CPU
		{AAF9FD03-2662-4059-B298-ADD483E6AD73}.Release|Any CPU.Build.0 = Release|Any CPU
	EndGlobalSection
	GlobalSection(SolutionProperties) = preSolution
		HideSolutionNode = FALSE
	EndGlobalSection
	GlobalSection(NestedProjects) = preSolution
		{AAF9FD03-2662-4059-B298-ADD483E6AD73} = {3625BAE8-B108-4F70-A07A-8669DE2A764B}
	EndGlobalSection
	GlobalSection(ExtensibilityGlobals) = postSolution
		SolutionGuid = {380EF7CB-662C-4D30-B13C-93FF45D6B50B}
	EndGlobalSection
EndGlobal
