{
  "version": 1,
  "dependencies": {
    ".NETStandard,Version=v2.0": {
      "BepInEx.AssemblyPublicizer.MSBuild": {
        "type": "Direct",
        "requested": "[0.4.2, )",
        "resolved": "0.4.2",
        "contentHash": "AwGR6zOQxhWPWmcMdmhCaawC2qYdYHttkGmlXxyvhB1EIUAtuILEle8kKSkzElnbFGZjvw6iabpFi+AYUG4IuA=="
      },
      "NETStandard.Library": {
        "type": "Direct",
        "requested": "[2.0.3, )",
        "resolved": "2.0.3",
        "contentHash": "st47PosZSHrjECdjeIzZQbzivYBJFv6P2nv4cj2ypdI204DO+vZ7l5raGMiX4eXMJ53RfOIg+/s4DHVZ54Nu2A==",
        "dependencies": {
          "Microsoft.NETCore.Platforms": "1.1.0"
        }
      },
      "UnityEngine.Modules": {
        "type": "Direct",
        "requested": "[2019.4.40, )",
        "resolved": "2019.4.40",
        "contentHash": "2hDrD5bUCnPHdORyRrvWtKn9IMp/kcIdFDNMBF6nZAZmY7deT/wkIvmFGfgr8ZaFcXJ9HYs36NmKuq9a1OHTlA=="
      },
      "Microsoft.NETCore.Platforms": {
        "type": "Transitive",
        "resolved": "1.1.0",
        "contentHash": "kz0PEW2lhqygehI/d6XsPCQzD7ff7gUJaVGPVETX611eadGsA3A877GdSlU0LRVMCTH/+P3o2iDTak+S08V2+A=="
      }
    }
  }
}